
Microsoft Visual Studio Solution File, Format Version 12.00
# Visual Studio Version 17
VisualStudioVersion = 17.10.35013.160
MinimumVisualStudioVersion = 10.0.40219.1
Project("{FAE04EC0-301F-11D3-BF4B-00C04F79EFBC}") = "1CInstaller", "1CInstaller\1CInstaller.csproj", "{B833DD91-01C6-44D8-8F28-32428A2DC38D}"
EndProject
Global
	GlobalSection(SolutionConfigurationPlatforms) = preSolution
		Debug|Any CPU = Debug|Any CPU
		Release|Any CPU = Release|Any CPU
	EndGlobalSection
	GlobalSection(ProjectConfigurationPlatforms) = postSolution
		{B833DD91-01C6-44D8-8F28-32428A2DC38D}.Debug|Any CPU.ActiveCfg = Debug|Any CPU
		{B833DD91-01C6-44D8-8F28-32428A2DC38D}.Debug|Any CPU.Build.0 = Debug|Any CPU
		{B833DD91-01C6-44D8-8F28-32428A2DC38D}.Release|Any CPU.ActiveCfg = Release|Any CPU
		{B833DD91-01C6-44D8-8F28-32428A2DC38D}.Release|Any CPU.Build.0 = Release|Any CPU
	EndGlobalSection
	GlobalSection(SolutionProperties) = preSolution
		HideSolutionNode = FALSE
	EndGlobalSection
	GlobalSection(ExtensibilityGlobals) = postSolution
		SolutionGuid = {2E5F5342-FEB4-4A00-AF78-39A67D29DE85}
	EndGlobalSection
EndGlobal
